<?xml version="1.0" encoding="utf-8"?>
<Project ToolsVersion="4.0" xmlns="http://schemas.microsoft.com/developer/msbuild/2003">
  <ItemGroup>
    <ClCompile Include="main.cpp" />
    <ClCompile Include="SoundEngine\Common\AkDefaultLowLevelIODispatcher.cpp">
      <Filter>SoundEngine\Common</Filter>
    </ClCompile>
    <ClCompile Include="SoundEngine\Common\AkFileLocationBase.cpp">
      <Filter>SoundEngine\Common</Filter>
    </ClCompile>
    <ClCompile Include="SoundEngine\Common\AkFilePackage.cpp">
      <Filter>SoundEngine\Common</Filter>
    </ClCompile>
    <ClCompile Include="SoundEngine\Common\AkFilePackageLUT.cpp">
      <Filter>SoundEngine\Common</Filter>
    </ClCompile>
    <ClCompile Include="SoundEngine\Common\AkGeneratedSoundBanksResolver.cpp">
      <Filter>SoundEngine\Common</Filter>
    </ClCompile>
    <ClCompile Include="SoundEngine\Common\AkJobWorkerMgr.cpp">
      <Filter>SoundEngine\Common</Filter>
    </ClCompile>
    <ClCompile Include="SoundEngine\Common\AkMultipleFileLocation.cpp">
      <Filter>SoundEngine\Common</Filter>
    </ClCompile>
    <ClCompile Include="SoundEngine\Win32\AkDefaultIOHookDeferred.cpp">
      <Filter>SoundEngine\Win32</Filter>
    </ClCompile>
    <ClCompile Include="SoundEngine\Win32\AkPlatformProfilerHooks.cpp">
      <Filter>SoundEngine\Win32</Filter>
    </ClCompile>
    <ClCompile Include="SoundEngine\Win32\stdafx.cpp">
      <Filter>SoundEngine\Win32</Filter>
    </ClCompile>
    <ClCompile Include="WwiseWrapper.cpp" />
  </ItemGroup>
  <ItemGroup>
    <Filter Include="SoundEngine">
      <UniqueIdentifier>{bc27c05c-54a0-4b24-a0b8-8be13c6bd3e8}</UniqueIdentifier>
    </Filter>
    <Filter Include="SoundEngine\Common">
      <UniqueIdentifier>{9d93560c-c2aa-4c93-a56a-0dd8f3944ab7}</UniqueIdentifier>
    </Filter>
    <Filter Include="SoundEngine\Win32">
      <UniqueIdentifier>{7a810b4c-bed6-4e49-a65f-18e962a0644f}</UniqueIdentifier>
    </Filter>
  </ItemGroup>
  <ItemGroup>
    <ClInclude Include="SoundEngine\Common\AkDefaultLowLevelIODispatcher.h">
      <Filter>SoundEngine\Common</Filter>
    </ClInclude>
    <ClInclude Include="SoundEngine\Common\AkFileHelpersBase.h">
      <Filter>SoundEngine\Common</Filter>
    </ClInclude>
    <ClInclude Include="SoundEngine\Common\AkFileLocationBase.h">
      <Filter>SoundEngine\Common</Filter>
    </ClInclude>
    <ClInclude Include="SoundEngine\Common\AkFilePackage.h">
      <Filter>SoundEngine\Common</Filter>
    </ClInclude>
    <ClInclude Include="SoundEngine\Common\AkFilePackageLowLevelIO.h">
      <Filter>SoundEngine\Common</Filter>
    </ClInclude>
    <ClInclude Include="SoundEngine\Common\AkFilePackageLowLevelIODeferred.h">
      <Filter>SoundEngine\Common</Filter>
    </ClInclude>
    <ClInclude Include="SoundEngine\Common\AkFilePackageLUT.h">
      <Filter>SoundEngine\Common</Filter>
    </ClInclude>
    <ClInclude Include="SoundEngine\Common\AkGeneratedSoundBanksResolver.h">
      <Filter>SoundEngine\Common</Filter>
    </ClInclude>
    <ClInclude Include="SoundEngine\Common\AkJobWorkerMgr.h">
      <Filter>SoundEngine\Common</Filter>
    </ClInclude>
    <ClInclude Include="SoundEngine\Common\AkMultipleFileLocation.h">
      <Filter>SoundEngine\Common</Filter>
    </ClInclude>
    <ClInclude Include="SoundEngine\Common\AkPlatformProfilerHooks.h">
      <Filter>SoundEngine\Common</Filter>
    </ClInclude>
    <ClInclude Include="SoundEngine\Win32\AkDefaultIOHookDeferred.h">
      <Filter>SoundEngine\Win32</Filter>
    </ClInclude>
    <ClInclude Include="SoundEngine\Win32\AkFileHelpers.h">
      <Filter>SoundEngine\Win32</Filter>
    </ClInclude>
    <ClInclude Include="SoundEngine\Win32\stdafx.h">
      <Filter>SoundEngine\Win32</Filter>
    </ClInclude>
    <ClInclude Include="WwiseWrapper.h" />
  </ItemGroup>
  <ItemGroup>
    <None Include="SoundEngine\Common\AkFilePackageLowLevelIO.inl">
      <Filter>SoundEngine\Common</Filter>
    </None>
  </ItemGroup>
</Project>